{
    "name": "ru.oblafon.bescha",
    "version": "1.0.0",
    "lockfileVersion": 1,
    "dependencies": {
        "call-number": {
            "version": "git+https://github.com/Rohfosho/CordovaCallNumberPlugin.git#a55dc2057dc20ebd635a8c088da17fcb255b6eb2"
        },
        "cordova-plugin-device": {
            "version": "1.1.7",
            "resolved": "https://registry.npmjs.org/cordova-plugin-device/-/cordova-plugin-device-1.1.7.tgz",
            "integrity": "sha1-/JQRG+aTJijGaGiTjd89yCyfv+Y="
        },
        "cordova-plugin-inappbrowser": {
            "version": "1.7.2",
            "resolved": "https://registry.npmjs.org/cordova-plugin-inappbrowser/-/cordova-plugin-inappbrowser-1.7.2.tgz",
            "integrity": "sha1-ZHY0lb6H6y562xoI8CCblupc7uA="
        },
        "cordova-plugin-network-information": {
            "version": "1.3.4",
            "resolved": "https://registry.npmjs.org/cordova-plugin-network-information/-/cordova-plugin-network-information-1.3.4.tgz",
            "integrity": "sha1-KPQmzCZZF03GIqBxgPm6DYVfc4M="
        },
        "cordova-plugin-sim": {
            "version": "1.3.3",
            "resolved": "https://registry.npmjs.org/cordova-plugin-sim/-/cordova-plugin-sim-1.3.3.tgz",
            "integrity": "sha1-QoZjMHfYhX5kVP4GmHB9CMaK2Ik="
        }
    }
}
